
Microsoft Visual Studio Solution File, Format Version 11.00
# Visual Studio 2010
Project("{FAE04EC0-301F-11D3-BF4B-00C04F79EFBC}") = "Assembly-CSharp", "Assembly-CSharp.csproj", "{DD58CA69-CC2B-ED46-A6F9-3F2CC2F89E88}"
EndProject
Project("{FAE04EC0-301F-11D3-BF4B-00C04F79EFBC}") = "NavMeshComponents", "NavMeshComponents.csproj", "{C8787EEB-0802-1F1E-97C1-5B099A9AC24B}"
EndProject
Project("{FAE04EC0-301F-11D3-BF4B-00C04F79EFBC}") = "NavMeshComponentsEditor", "NavMeshComponentsEditor.csproj", "{525019C0-FEE1-73A6-7886-14F4B1CB4A6F}"
EndProject
Global
	GlobalSection(SolutionConfigurationPlatforms) = preSolution
		Debug|Any CPU = Debug|Any CPU
		Release|Any CPU = Release|Any CPU
	EndGlobalSection
	GlobalSection(ProjectConfigurationPlatforms) = postSolution
		{DD58CA69-CC2B-ED46-A6F9-3F2CC2F89E88}.Debug|Any CPU.ActiveCfg = Debug|Any CPU
		{DD58CA69-CC2B-ED46-A6F9-3F2CC2F89E88}.Debug|Any CPU.Build.0 = Debug|Any CPU
		{DD58CA69-CC2B-ED46-A6F9-3F2CC2F89E88}.Release|Any CPU.ActiveCfg = Release|Any CPU
		{DD58CA69-CC2B-ED46-A6F9-3F2CC2F89E88}.Release|Any CPU.Build.0 = Release|Any CPU
		{C8787EEB-0802-1F1E-97C1-5B099A9AC24B}.Debug|Any CPU.ActiveCfg = Debug|Any CPU
		{C8787EEB-0802-1F1E-97C1-5B099A9AC24B}.Debug|Any CPU.Build.0 = Debug|Any CPU
		{C8787EEB-0802-1F1E-97C1-5B099A9AC24B}.Release|Any CPU.ActiveCfg = Release|Any CPU
		{C8787EEB-0802-1F1E-97C1-5B099A9AC24B}.Release|Any CPU.Build.0 = Release|Any CPU
		{525019C0-FEE1-73A6-7886-14F4B1CB4A6F}.Debug|Any CPU.ActiveCfg = Debug|Any CPU
		{525019C0-FEE1-73A6-7886-14F4B1CB4A6F}.Debug|Any CPU.Build.0 = Debug|Any CPU
		{525019C0-FEE1-73A6-7886-14F4B1CB4A6F}.Release|Any CPU.ActiveCfg = Release|Any CPU
		{525019C0-FEE1-73A6-7886-14F4B1CB4A6F}.Release|Any CPU.Build.0 = Release|Any CPU
	EndGlobalSection
	GlobalSection(SolutionProperties) = preSolution
		HideSolutionNode = FALSE
	EndGlobalSection
	GlobalSection(MonoDevelopProperties) = preSolution
		StartupItem = Assembly-CSharp.csproj
	EndGlobalSection
EndGlobal
